
Microsoft Visual Studio Solution File, Format Version 12.00
# Visual Studio Version 16
VisualStudioVersion = 16.0.31402.337
MinimumVisualStudioVersion = 10.0.40219.1
Project("{8BC9CEB8-8B4A-11D0-8D11-00A0C91BC942}") = "DSLK", "DSLK\DSLK.vcxproj", "{BC9DC158-AA8B-434A-A780-87F548BA4ABF}"
EndProject
Global
	GlobalSection(SolutionConfigurationPlatforms) = preSolution
		Debug|x64 = Debug|x64
		Debug|x86 = Debug|x86
		Release|x64 = Release|x64
		Release|x86 = Release|x86
	EndGlobalSection
	GlobalSection(ProjectConfigurationPlatforms) = postSolution
		{BC9DC158-AA8B-434A-A780-87F548BA4ABF}.Debug|x64.ActiveCfg = Debug|x64
		{BC9DC158-AA8B-434A-A780-87F548BA4ABF}.Debug|x64.Build.0 = Debug|x64
		{BC9DC158-AA8B-434A-A780-87F548BA4ABF}.Debug|x86.ActiveCfg = Debug|Win32
		{BC9DC158-AA8B-434A-A780-87F548BA4ABF}.Debug|x86.Build.0 = Debug|Win32
		{BC9DC158-AA8B-434A-A780-87F548BA4ABF}.Release|x64.ActiveCfg = Release|x64
		{BC9DC158-AA8B-434A-A780-87F548BA4ABF}.Release|x64.Build.0 = Release|x64
		{BC9DC158-AA8B-434A-A780-87F548BA4ABF}.Release|x86.ActiveCfg = Release|Win32
		{BC9DC158-AA8B-434A-A780-87F548BA4ABF}.Release|x86.Build.0 = Release|Win32
	EndGlobalSection
	GlobalSection(SolutionProperties) = preSolution
		HideSolutionNode = FALSE
	EndGlobalSection
	GlobalSection(ExtensibilityGlobals) = postSolution
		SolutionGuid = {BF7B5AD7-6AE3-46A3-9C81-1E8F383C0189}
	EndGlobalSection
EndGlobal
